
Microsoft Visual Studio Solution File, Format Version 12.00
# Visual Studio Version 16
VisualStudioVersion = 16.0.30002.166
MinimumVisualStudioVersion = 10.0.40219.1
Project("{9A19103F-16F7-4668-BE54-9A1E7A4F7556}") = "WebAssemblyBlazorApp", "src\WebAssemblyBlazorApp\WebAssemblyBlazorApp.csproj", "{3E62742A-338D-41CA-8AA0-9E93100FBB26}"
EndProject
Project("{2150E333-8FDC-42A3-9474-1A3956D46DE8}") = "0 - Solution Items", "0 - Solution Items", "{34203D0B-E91B-49F4-BD24-454DD053F020}"
	ProjectSection(SolutionItems) = preProject
		.editorconfig = .editorconfig
		.gitignore = .gitignore
		.azure\pipelines\ci.yml = .azure\pipelines\ci.yml
		.azure\pipelines\pkg.yml = .azure\pipelines\pkg.yml
		README.md = README.md
	EndProjectSection
EndProject
Project("{2150E333-8FDC-42A3-9474-1A3956D46DE8}") = "1 - Blazor WebAssembly", "1 - Blazor WebAssembly", "{040BEF66-AA4C-415C-B9A8-CDECF192F941}"
EndProject
Project("{2150E333-8FDC-42A3-9474-1A3956D46DE8}") = "2 - Blazor Server", "2 - Blazor Server", "{0BE70B3C-6224-455A-B1AF-0BA62252FEB1}"
EndProject
Project("{9A19103F-16F7-4668-BE54-9A1E7A4F7556}") = "BlazorServerApp", "src\BlazorServerApp\BlazorServerApp.csproj", "{172B09AF-22B3-49BB-840F-423E9138D236}"
EndProject
Project("{FAE04EC0-301F-11D3-BF4B-00C04F79EFBC}") = "ProgressiveWebAssemblyApp", "src\ProgressiveWebAssemblyApp\ProgressiveWebAssemblyApp.csproj", "{3CB94A43-25B4-4178-B861-EDBFEC4FC822}"
EndProject
Global
	GlobalSection(SolutionConfigurationPlatforms) = preSolution
		Debug|Any CPU = Debug|Any CPU
		Release|Any CPU = Release|Any CPU
	EndGlobalSection
	GlobalSection(ProjectConfigurationPlatforms) = postSolution
		{3E62742A-338D-41CA-8AA0-9E93100FBB26}.Debug|Any CPU.ActiveCfg = Debug|Any CPU
		{3E62742A-338D-41CA-8AA0-9E93100FBB26}.Debug|Any CPU.Build.0 = Debug|Any CPU
		{3E62742A-338D-41CA-8AA0-9E93100FBB26}.Release|Any CPU.ActiveCfg = Release|Any CPU
		{3E62742A-338D-41CA-8AA0-9E93100FBB26}.Release|Any CPU.Build.0 = Release|Any CPU
		{172B09AF-22B3-49BB-840F-423E9138D236}.Debug|Any CPU.ActiveCfg = Debug|Any CPU
		{172B09AF-22B3-49BB-840F-423E9138D236}.Debug|Any CPU.Build.0 = Debug|Any CPU
		{172B09AF-22B3-49BB-840F-423E9138D236}.Release|Any CPU.ActiveCfg = Release|Any CPU
		{172B09AF-22B3-49BB-840F-423E9138D236}.Release|Any CPU.Build.0 = Release|Any CPU
		{3CB94A43-25B4-4178-B861-EDBFEC4FC822}.Debug|Any CPU.ActiveCfg = Debug|Any CPU
		{3CB94A43-25B4-4178-B861-EDBFEC4FC822}.Debug|Any CPU.Build.0 = Debug|Any CPU
		{3CB94A43-25B4-4178-B861-EDBFEC4FC822}.Release|Any CPU.ActiveCfg = Release|Any CPU
		{3CB94A43-25B4-4178-B861-EDBFEC4FC822}.Release|Any CPU.Build.0 = Release|Any CPU
	EndGlobalSection
	GlobalSection(SolutionProperties) = preSolution
		HideSolutionNode = FALSE
	EndGlobalSection
	GlobalSection(NestedProjects) = preSolution
		{3E62742A-338D-41CA-8AA0-9E93100FBB26} = {040BEF66-AA4C-415C-B9A8-CDECF192F941}
		{172B09AF-22B3-49BB-840F-423E9138D236} = {0BE70B3C-6224-455A-B1AF-0BA62252FEB1}
		{3CB94A43-25B4-4178-B861-EDBFEC4FC822} = {040BEF66-AA4C-415C-B9A8-CDECF192F941}
	EndGlobalSection
	GlobalSection(ExtensibilityGlobals) = postSolution
		SolutionGuid = {738F6D5E-4ED5-452E-8BFD-DF253B770129}
	EndGlobalSection
EndGlobal
